// !$*UTF8*$!
{
	archiveVersion = 1;
	classes = {
	};
	objectVersion = 50;
	objects = {

/* Begin PBXBuildFile section */
		FCF95A5C2343B9BB007F6ADD /* AppDelegate.swift in Sources */ = {isa = PBXBuildFile; fileRef = FCF95A5B2343B9BB007F6ADD /* AppDelegate.swift */; };
		FCF95A5E2343B9BB007F6ADD /* SceneDelegate.swift in Sources */ = {isa = PBXBuildFile; fileRef = FCF95A5D2343B9BB007F6ADD /* SceneDelegate.swift */; };
		FCF95A632343B9BB007F6ADD /* Main.storyboard in Resources */ = {isa = PBXBuildFile; fileRef = FCF95A612343B9BB007F6ADD /* Main.storyboard */; };
		FCF95A652343B9C1007F6ADD /* Assets.xcassets in Resources */ = {isa = PBXBuildFile; fileRef = FCF95A642343B9C1007F6ADD /* Assets.xcassets */; };
		FCF95A682343B9C1007F6ADD /* LaunchScreen.storyboard in Resources */ = {isa = PBXBuildFile; fileRef = FCF95A662343B9C1007F6ADD /* LaunchScreen.storyboard */; };
		FCF95A722343BA21007F6ADD /* Pokemon.swift in Sources */ = {isa = PBXBuildFile; fileRef = FCF95A712343BA21007F6ADD /* Pokemon.swift */; };
		FCF95A792343BFDA007F6ADD /* PokemonController.swift in Sources */ = {isa = PBXBuildFile; fileRef = FCF95A782343BFDA007F6ADD /* PokemonController.swift */; };
		FCF95A7C2343CFAA007F6ADD /* PokemonViewController.swift in Sources */ = {isa = PBXBuildFile; fileRef = FCF95A7B2343CFAA007F6ADD /* PokemonViewController.swift */; };
/* End PBXBuildFile section */

/* Begin PBXFileReference section */
		FCF95A582343B9BB007F6ADD /* PokeDex.app */ = {isa = PBXFileReference; explicitFileType = wrapper.application; includeInIndex = 0; path = PokeDex.app; sourceTree = BUILT_PRODUCTS_DIR; };
		FCF95A5B2343B9BB007F6ADD /* AppDelegate.swift */ = {isa = PBXFileReference; lastKnownFileType = sourcecode.swift; path = AppDelegate.swift; sourceTree = "<group>"; };
		FCF95A5D2343B9BB007F6ADD /* SceneDelegate.swift */ = {isa = PBXFileReference; lastKnownFileType = sourcecode.swift; path = SceneDelegate.swift; sourceTree = "<group>"; };
		FCF95A622343B9BB007F6ADD /* Base */ = {isa = PBXFileReference; lastKnownFileType = file.storyboard; name = Base; path = Base.lproj/Main.storyboard; sourceTree = "<group>"; };
		FCF95A642343B9C1007F6ADD /* Assets.xcassets */ = {isa = PBXFileReference; lastKnownFileType = folder.assetcatalog; path = Assets.xcassets; sourceTree = "<group>"; };
		FCF95A672343B9C1007F6ADD /* Base */ = {isa = PBXFileReference; lastKnownFileType = file.storyboard; name = Base; path = Base.lproj/LaunchScreen.storyboard; sourceTree = "<group>"; };
		FCF95A692343B9C1007F6ADD /* Info.plist */ = {isa = PBXFileReference; lastKnownFileType = text.plist.xml; path = Info.plist; sourceTree = "<group>"; };
		FCF95A712343BA21007F6ADD /* Pokemon.swift */ = {isa = PBXFileReference; lastKnownFileType = sourcecode.swift; path = Pokemon.swift; sourceTree = "<group>"; };
		FCF95A782343BFDA007F6ADD /* PokemonController.swift */ = {isa = PBXFileReference; lastKnownFileType = sourcecode.swift; path = PokemonController.swift; sourceTree = "<group>"; };
		FCF95A7B2343CFAA007F6ADD /* PokemonViewController.swift */ = {isa = PBXFileReference; lastKnownFileType = sourcecode.swift; path = PokemonViewController.swift; sourceTree = "<group>"; };
/* End PBXFileReference section */

/* Begin PBXFrameworksBuildPhase section */
		FCF95A552343B9BB007F6ADD /* Frameworks */ = {
			isa = PBXFrameworksBuildPhase;
			buildActionMask = 2147483647;
			files = (
			);
			runOnlyForDeploymentPostprocessing = 0;
		};
/* End PBXFrameworksBuildPhase section */

/* Begin PBXGroup section */
		FCF95A4F2343B9BB007F6ADD = {
			isa = PBXGroup;
			children = (
				FCF95A5A2343B9BB007F6ADD /* PokeDex */,
				FCF95A6F2343B9D3007F6ADD /* Supporting Files */,
				FCF95A592343B9BB007F6ADD /* Products */,
			);
			sourceTree = "<group>";
		};
		FCF95A592343B9BB007F6ADD /* Products */ = {
			isa = PBXGroup;
			children = (
				FCF95A582343B9BB007F6ADD /* PokeDex.app */,
			);
			name = Products;
			sourceTree = "<group>";
		};
		FCF95A5A2343B9BB007F6ADD /* PokeDex */ = {
			isa = PBXGroup;
			children = (
				FCF95A702343B9FE007F6ADD /* Models */,
				FCF95A762343BFA9007F6ADD /* Controllers */,
				FCF95A612343B9BB007F6ADD /* Main.storyboard */,
			);
			path = PokeDex;
			sourceTree = "<group>";
		};
		FCF95A6F2343B9D3007F6ADD /* Supporting Files */ = {
			isa = PBXGroup;
			children = (
				FCF95A5B2343B9BB007F6ADD /* AppDelegate.swift */,
				FCF95A5D2343B9BB007F6ADD /* SceneDelegate.swift */,
				FCF95A642343B9C1007F6ADD /* Assets.xcassets */,
				FCF95A662343B9C1007F6ADD /* LaunchScreen.storyboard */,
				FCF95A692343B9C1007F6ADD /* Info.plist */,
			);
			name = "Supporting Files";
			path = PokeDex;
			sourceTree = "<group>";
		};
		FCF95A702343B9FE007F6ADD /* Models */ = {
			isa = PBXGroup;
			children = (
				FCF95A712343BA21007F6ADD /* Pokemon.swift */,
			);
			path = Models;
			sourceTree = "<group>";
		};
		FCF95A762343BFA9007F6ADD /* Controllers */ = {
			isa = PBXGroup;
			children = (
				FCF95A7A2343CF99007F6ADD /* View  */,
				FCF95A772343BFB5007F6ADD /* Model Controllers */,
			);
			path = Controllers;
			sourceTree = "<group>";
		};
		FCF95A772343BFB5007F6ADD /* Model Controllers */ = {
			isa = PBXGroup;
			children = (
				FCF95A782343BFDA007F6ADD /* PokemonController.swift */,
			);
			path = "Model Controllers";
			sourceTree = "<group>";
		};
		FCF95A7A2343CF99007F6ADD /* View  */ = {
			isa = PBXGroup;
			children = (
				FCF95A7B2343CFAA007F6ADD /* PokemonViewController.swift */,
			);
			path = "View ";
			sourceTree = "<group>";
		};
/* End PBXGroup section */

/* Begin PBXNativeTarget section */
		FCF95A572343B9BB007F6ADD /* PokeDex */ = {
			isa = PBXNativeTarget;
			buildConfigurationList = FCF95A6C2343B9C1007F6ADD /* Build configuration list for PBXNativeTarget "PokeDex" */;
			buildPhases = (
				FCF95A542343B9BB007F6ADD /* Sources */,
				FCF95A552343B9BB007F6ADD /* Frameworks */,
				FCF95A562343B9BB007F6ADD /* Resources */,
			);
			buildRules = (
			);
			dependencies = (
			);
			name = PokeDex;
			productName = PokeDex;
			productReference = FCF95A582343B9BB007F6ADD /* PokeDex.app */;
			productType = "com.apple.product-type.application";
		};
/* End PBXNativeTarget section */

/* Begin PBXProject section */
		FCF95A502343B9BB007F6ADD /* Project object */ = {
			isa = PBXProject;
			attributes = {
				LastSwiftUpdateCheck = 1100;
				LastUpgradeCheck = 1100;
				ORGANIZATIONNAME = "Bethany Wride";
				TargetAttributes = {
					FCF95A572343B9BB007F6ADD = {
						CreatedOnToolsVersion = 11.0;
					};
				};
			};
			buildConfigurationList = FCF95A532343B9BB007F6ADD /* Build configuration list for PBXProject "PokeDex" */;
			compatibilityVersion = "Xcode 9.3";
			developmentRegion = en;
			hasScannedForEncodings = 0;
			knownRegions = (
				en,
				Base,
			);
			mainGroup = FCF95A4F2343B9BB007F6ADD;
			productRefGroup = FCF95A592343B9BB007F6ADD /* Products */;
			projectDirPath = "";
			projectRoot = "";
			targets = (
				FCF95A572343B9BB007F6ADD /* PokeDex */,
			);
		};
/* End PBXProject section */

/* Begin PBXResourcesBuildPhase section */
		FCF95A562343B9BB007F6ADD /* Resources */ = {
			isa = PBXResourcesBuildPhase;
			buildActionMask = 2147483647;
			files = (
				FCF95A682343B9C1007F6ADD /* LaunchScreen.storyboard in Resources */,
				FCF95A652343B9C1007F6ADD /* Assets.xcassets in Resources */,
				FCF95A632343B9BB007F6ADD /* Main.storyboard in Resources */,
			);
			runOnlyForDeploymentPostprocessing = 0;
		};
/* End PBXResourcesBuildPhase section */

/* Begin PBXSourcesBuildPhase section */
		FCF95A542343B9BB007F6ADD /* Sources */ = {
			isa = PBXSourcesBuildPhase;
			buildActionMask = 2147483647;
			files = (
				FCF95A722343BA21007F6ADD /* Pokemon.swift in Sources */,
				FCF95A7C2343CFAA007F6ADD /* PokemonViewController.swift in Sources */,
				FCF95A5C2343B9BB007F6ADD /* AppDelegate.swift in Sources */,
				FCF95A5E2343B9BB007F6ADD /* SceneDelegate.swift in Sources */,
				FCF95A792343BFDA007F6ADD /* PokemonController.swift in Sources */,
			);
			runOnlyForDeploymentPostprocessing = 0;
		};
/* End PBXSourcesBuildPhase section */

/* Begin PBXVariantGroup section */
		FCF95A612343B9BB007F6ADD /* Main.storyboard */ = {
			isa = PBXVariantGroup;
			children = (
				FCF95A622343B9BB007F6ADD /* Base */,
			);
			name = Main.storyboard;
			sourceTree = "<group>";
		};
		FCF95A662343B9C1007F6ADD /* LaunchScreen.storyboard */ = {
			isa = PBXVariantGroup;
			children = (
				FCF95A672343B9C1007F6ADD /* Base */,
			);
			name = LaunchScreen.storyboard;
			sourceTree = "<group>";
		};
/* End PBXVariantGroup section */

/* Begin XCBuildConfiguration section */
		FCF95A6A2343B9C1007F6ADD /* Debug */ = {
			isa = XCBuildConfiguration;
			buildSettings = {
				ALWAYS_SEARCH_USER_PATHS = NO;
				CLANG_ANALYZER_NONNULL = YES;
				CLANG_ANALYZER_NUMBER_OBJECT_CONVERSION = YES_AGGRESSIVE;
				CLANG_CXX_LANGUAGE_STANDARD = "gnu++14";
				CLANG_CXX_LIBRARY = "libc++";
				CLANG_ENABLE_MODULES = YES;
				CLANG_ENABLE_OBJC_ARC = YES;
				CLANG_ENABLE_OBJC_WEAK = YES;
				CLANG_WARN_BLOCK_CAPTURE_AUTORELEASING = YES;
				CLANG_WARN_BOOL_CONVERSION = YES;
				CLANG_WARN_COMMA = YES;
				CLANG_WARN_CONSTANT_CONVERSION = YES;
				CLANG_WARN_DEPRECATED_OBJC_IMPLEMENTATIONS = YES;
				CLANG_WARN_DIRECT_OBJC_ISA_USAGE = YES_ERROR;
				CLANG_WARN_DOCUMENTATION_COMMENTS = YES;
				CLANG_WARN_EMPTY_BODY = YES;
				CLANG_WARN_ENUM_CONVERSION = YES;
				CLANG_WARN_INFINITE_RECURSION = YES;
				CLANG_WARN_INT_CONVERSION = YES;
				CLANG_WARN_NON_LITERAL_NULL_CONVERSION = YES;
				CLANG_WARN_OBJC_IMPLICIT_RETAIN_SELF = YES;
				CLANG_WARN_OBJC_LITERAL_CONVERSION = YES;
				CLANG_WARN_OBJC_ROOT_CLASS = YES_ERROR;
				CLANG_WARN_RANGE_LOOP_ANALYSIS = YES;
				CLANG_WARN_STRICT_PROTOTYPES = YES;
				CLANG_WARN_SUSPICIOUS_MOVE = YES;
				CLANG_WARN_UNGUARDED_AVAILABILITY = YES_AGGRESSIVE;
				CLANG_WARN_UNREACHABLE_CODE = YES;
				CLANG_WARN__DUPLICATE_METHOD_MATCH = YES;
				COPY_PHASE_STRIP = NO;
				DEBUG_INFORMATION_FORMAT = dwarf;
				ENABLE_STRICT_OBJC_MSGSEND = YES;
				ENABLE_TESTABILITY = YES;
				GCC_C_LANGUAGE_STANDARD = gnu11;
				GCC_DYNAMIC_NO_PIC = NO;
				GCC_NO_COMMON_BLOCKS = YES;
				GCC_OPTIMIZATION_LEVEL = 0;
				GCC_PREPROCESSOR_DEFINITIONS = (
					"DEBUG=1",
					"$(inherited)",
				);
				GCC_WARN_64_TO_32_BIT_CONVERSION = YES;
				GCC_WARN_ABOUT_RETURN_TYPE = YES_ERROR;
				GCC_WARN_UNDECLARED_SELECTOR = YES;
				GCC_WARN_UNINITIALIZED_AUTOS = YES_AGGRESSIVE;
				GCC_WARN_UNUSED_FUNCTION = YES;
				GCC_WARN_UNUSED_VARIABLE = YES;
				IPHONEOS_DEPLOYMENT_TARGET = 13.0;
				MTL_ENABLE_DEBUG_INFO = INCLUDE_SOURCE;
				MTL_FAST_MATH = YES;
				ONLY_ACTIVE_ARCH = YES;
				SDKROOT = iphoneos;
				SWIFT_ACTIVE_COMPILATION_CONDITIONS = DEBUG;
				SWIFT_OPTIMIZATION_LEVEL = "-Onone";
			};
			name = Debug;
		};
		FCF95A6B2343B9C1007F6ADD /* Release */ = {
			isa = XCBuildConfiguration;
			buildSettings = {
				ALWAYS_SEARCH_USER_PATHS = NO;
				CLANG_ANALYZER_NONNULL = YES;
				CLANG_ANALYZER_NUMBER_OBJECT_CONVERSION = YES_AGGRESSIVE;
				CLANG_CXX_LANGUAGE_STANDARD = "gnu++14";
				CLANG_CXX_LIBRARY = "libc++";
				CLANG_ENABLE_MODULES = YES;
				CLANG_ENABLE_OBJC_ARC = YES;
				CLANG_ENABLE_OBJC_WEAK = YES;
				CLANG_WARN_BLOCK_CAPTURE_AUTORELEASING = YES;
				CLANG_WARN_BOOL_CONVERSION = YES;
				CLANG_WARN_COMMA = YES;
				CLANG_WARN_CONSTANT_CONVERSION = YES;
				CLANG_WARN_DEPRECATED_OBJC_IMPLEMENTATIONS = YES;
				CLANG_WARN_DIRECT_OBJC_ISA_USAGE = YES_ERROR;
				CLANG_WARN_DOCUMENTATION_COMMENTS = YES;
				CLANG_WARN_EMPTY_BODY = YES;
				CLANG_WARN_ENUM_CONVERSION = YES;
				CLANG_WARN_INFINITE_RECURSION = YES;
				CLANG_WARN_INT_CONVERSION = YES;
				CLANG_WARN_NON_LITERAL_NULL_CONVERSION = YES;
				CLANG_WARN_OBJC_IMPLICIT_RETAIN_SELF = YES;
				CLANG_WARN_OBJC_LITERAL_CONVERSION = YES;
				CLANG_WARN_OBJC_ROOT_CLASS = YES_ERROR;
				CLANG_WARN_RANGE_LOOP_ANALYSIS = YES;
				CLANG_WARN_STRICT_PROTOTYPES = YES;
				CLANG_WARN_SUSPICIOUS_MOVE = YES;
				CLANG_WARN_UNGUARDED_AVAILABILITY = YES_AGGRESSIVE;
				CLANG_WARN_UNREACHABLE_CODE = YES;
				CLANG_WARN__DUPLICATE_METHOD_MATCH = YES;
				COPY_PHASE_STRIP = NO;
				DEBUG_INFORMATION_FORMAT = "dwarf-with-dsym";
				ENABLE_NS_ASSERTIONS = NO;
				ENABLE_STRICT_OBJC_MSGSEND = YES;
				GCC_C_LANGUAGE_STANDARD = gnu11;
				GCC_NO_COMMON_BLOCKS = YES;
				GCC_WARN_64_TO_32_BIT_CONVERSION = YES;
				GCC_WARN_ABOUT_RETURN_TYPE = YES_ERROR;
				GCC_WARN_UNDECLARED_SELECTOR = YES;
				GCC_WARN_UNINITIALIZED_AUTOS = YES_AGGRESSIVE;
				GCC_WARN_UNUSED_FUNCTION = YES;
				GCC_WARN_UNUSED_VARIABLE = YES;
				IPHONEOS_DEPLOYMENT_TARGET = 13.0;
				MTL_ENABLE_DEBUG_INFO = NO;
				MTL_FAST_MATH = YES;
				SDKROOT = iphoneos;
				SWIFT_COMPILATION_MODE = wholemodule;
				SWIFT_OPTIMIZATION_LEVEL = "-O";
				VALIDATE_PRODUCT = YES;
			};
			name = Release;
		};
		FCF95A6D2343B9C1007F6ADD /* Debug */ = {
			isa = XCBuildConfiguration;
			buildSettings = {
				ASSETCATALOG_COMPILER_APPICON_NAME = AppIcon;
				CODE_SIGN_STYLE = Automatic;
				INFOPLIST_FILE = PokeDex/Info.plist;
				LD_RUNPATH_SEARCH_PATHS = (
					"$(inherited)",
					"@executable_path/Frameworks",
				);
				PRODUCT_BUNDLE_IDENTIFIER = com.example.PokeDex;
				PRODUCT_NAME = "$(TARGET_NAME)";
				SWIFT_VERSION = 5.0;
				TARGETED_DEVICE_FAMILY = "1,2";
			};
			name = Debug;
		};
		FCF95A6E2343B9C1007F6ADD /* Release */ = {
			isa = XCBuildConfiguration;
			buildSettings = {
				ASSETCATALOG_COMPILER_APPICON_NAME = AppIcon;
				CODE_SIGN_STYLE = Automatic;
				INFOPLIST_FILE = PokeDex/Info.plist;
				LD_RUNPATH_SEARCH_PATHS = (
					"$(inherited)",
					"@executable_path/Frameworks",
				);
				PRODUCT_BUNDLE_IDENTIFIER = com.example.PokeDex;
				PRODUCT_NAME = "$(TARGET_NAME)";
				SWIFT_VERSION = 5.0;
				TARGETED_DEVICE_FAMILY = "1,2";
			};
			name = Release;
		};
/* End XCBuildConfiguration section */

/* Begin XCConfigurationList section */
		FCF95A532343B9BB007F6ADD /* Build configuration list for PBXProject "PokeDex" */ = {
			isa = XCConfigurationList;
			buildConfigurations = (
				FCF95A6A2343B9C1007F6ADD /* Debug */,
				FCF95A6B2343B9C1007F6ADD /* Release */,
			);
			defaultConfigurationIsVisible = 0;
			defaultConfigurationName = Release;
		};
		FCF95A6C2343B9C1007F6ADD /* Build configuration list for PBXNativeTarget "PokeDex" */ = {
			isa = XCConfigurationList;
			buildConfigurations = (
				FCF95A6D2343B9C1007F6ADD /* Debug */,
				FCF95A6E2343B9C1007F6ADD /* Release */,
			);
			defaultConfigurationIsVisible = 0;
			defaultConfigurationName = Release;
		};
/* End XCConfigurationList section */
	};
	rootObject = FCF95A502343B9BB007F6ADD /* Project object */;
}
